[root]
name = "monkey_lib"
version = "0.1.0"
dependencies = [
 "float-cmp 0.2.3 (registry+https://github.com/rust-lang/crates.io-index)",
 "libc 0.2.20 (registry+https://github.com/rust-lang/crates.io-index)",
 "maplit 0.1.4 (registry+https://github.com/rust-lang/crates.io-index)",
 "readline 0.0.13 (registry+https://github.com/rust-lang/crates.io-index)",
 "seahash 3.0.5 (registry+https://github.com/rust-lang/crates.io-index)",
]

[[package]]
name = "float-cmp"
version = "0.2.3"
source = "registry+https://github.com/rust-lang/crates.io-index"
dependencies = [
 "num-traits 0.1.36 (registry+https://github.com/rust-lang/crates.io-index)",
]

[[package]]
name = "libc"
version = "0.2.20"
source = "registry+https://github.com/rust-lang/crates.io-index"

[[package]]
name = "maplit"
version = "0.1.4"
source = "registry+https://github.com/rust-lang/crates.io-index"

[[package]]
name = "num-traits"
version = "0.1.36"
source = "registry+https://github.com/rust-lang/crates.io-index"

[[package]]
name = "readline"
version = "0.0.13"
source = "registry+https://github.com/rust-lang/crates.io-index"
dependencies = [
 "libc 0.2.20 (registry+https://github.com/rust-lang/crates.io-index)",
 "readline-sys 0.0.12 (registry+https://github.com/rust-lang/crates.io-index)",
]

[[package]]
name = "readline-sys"
version = "0.0.12"
source = "registry+https://github.com/rust-lang/crates.io-index"
dependencies = [
 "libc 0.2.20 (registry+https://github.com/rust-lang/crates.io-index)",
]

[[package]]
name = "seahash"
version = "3.0.5"
source = "registry+https://github.com/rust-lang/crates.io-index"

[metadata]
"checksum float-cmp 0.2.3 (registry+https://github.com/rust-lang/crates.io-index)" = "ae5c9d3ac80527346eb21666d9135b695243a48ef5f2df19022856975a66c411"
"checksum libc 0.2.20 (registry+https://github.com/rust-lang/crates.io-index)" = "684f330624d8c3784fb9558ca46c4ce488073a8d22450415c5eb4f4cfb0d11b5"
"checksum maplit 0.1.4 (registry+https://github.com/rust-lang/crates.io-index)" = "be384c560e0c3ad868b590ffb88d2c0a1effde6f59885234e4ea811c1202bfea"
"checksum num-traits 0.1.36 (registry+https://github.com/rust-lang/crates.io-index)" = "a16a42856a256b39c6d3484f097f6713e14feacd9bfb02290917904fae46c81c"
"checksum readline 0.0.13 (registry+https://github.com/rust-lang/crates.io-index)" = "4218b9ac22bd209aec77277e713de7597237242bdc0f76c91bb67a98929c92fc"
"checksum readline-sys 0.0.12 (registry+https://github.com/rust-lang/crates.io-index)" = "d4119c06ab954da155685b7157556e94fab679d8c8b05adc921d4ab4fb26f22a"
"checksum seahash 3.0.5 (registry+https://github.com/rust-lang/crates.io-index)" = "e048636bed25842fcdc36e5ad1ec6295b72d4b5b8a4b759b64915a4ce2b9d09d"
