[root]
name = "monkey_interpreter"
version = "0.1.0"
dependencies = [
 "monkey_lib 0.1.0",
]

[[package]]
name = "maplit"
version = "0.1.4"
source = "registry+https://github.com/rust-lang/crates.io-index"

[[package]]
name = "monkey_lib"
version = "0.1.0"
dependencies = [
 "maplit 0.1.4 (registry+https://github.com/rust-lang/crates.io-index)",
 "seahash 3.0.5 (registry+https://github.com/rust-lang/crates.io-index)",
]

[[package]]
name = "seahash"
version = "3.0.5"
source = "registry+https://github.com/rust-lang/crates.io-index"

[metadata]
"checksum maplit 0.1.4 (registry+https://github.com/rust-lang/crates.io-index)" = "be384c560e0c3ad868b590ffb88d2c0a1effde6f59885234e4ea811c1202bfea"
"checksum seahash 3.0.5 (registry+https://github.com/rust-lang/crates.io-index)" = "e048636bed25842fcdc36e5ad1ec6295b72d4b5b8a4b759b64915a4ce2b9d09d"
